// !$*UTF8*$!
{
	archiveVersion = 1;
	classes = {
	};
	objectVersion = 46;
	objects = {

/* Begin PBXBuildFile section */
		9210F5721B391DB8000C750C /* Data.png in Resources */ = {isa = PBXBuildFile; fileRef = 9210F5711B391DB8000C750C /* Data.png */; };
		92F196FC1BC3996A003401AC /* SendingIndicatorView.m in Sources */ = {isa = PBXBuildFile; fileRef = 92F196FB1BC3996A003401AC /* SendingIndicatorView.m */; settings = {ASSET_TAGS = (); }; };
		92F196FF1BC39B16003401AC /* OCRdisplayViewController.m in Sources */ = {isa = PBXBuildFile; fileRef = 92F196FE1BC39B16003401AC /* OCRdisplayViewController.m */; settings = {ASSET_TAGS = (); }; };
		92F197011BC3A83D003401AC /* Launch icon.png in Resources */ = {isa = PBXBuildFile; fileRef = 92F197001BC3A83D003401AC /* Launch icon.png */; settings = {ASSET_TAGS = (); }; };
		92FD72121B3294BD00A3015D /* main.m in Sources */ = {isa = PBXBuildFile; fileRef = 92FD72111B3294BD00A3015D /* main.m */; };
		92FD72151B3294BD00A3015D /* AppDelegate.m in Sources */ = {isa = PBXBuildFile; fileRef = 92FD72141B3294BD00A3015D /* AppDelegate.m */; };
		92FD72181B3294BD00A3015D /* ViewController.m in Sources */ = {isa = PBXBuildFile; fileRef = 92FD72171B3294BD00A3015D /* ViewController.m */; };
		92FD721B1B3294BD00A3015D /* Main.storyboard in Resources */ = {isa = PBXBuildFile; fileRef = 92FD72191B3294BD00A3015D /* Main.storyboard */; };
		92FD721D1B3294BD00A3015D /* Images.xcassets in Resources */ = {isa = PBXBuildFile; fileRef = 92FD721C1B3294BD00A3015D /* Images.xcassets */; };
		92FD72201B3294BD00A3015D /* LaunchScreen.xib in Resources */ = {isa = PBXBuildFile; fileRef = 92FD721E1B3294BD00A3015D /* LaunchScreen.xib */; };
		92FD72371B32958900A3015D /* Connection.m in Sources */ = {isa = PBXBuildFile; fileRef = 92FD72361B32958900A3015D /* Connection.m */; };
/* End PBXBuildFile section */

/* Begin PBXFileReference section */
		9210F5711B391DB8000C750C /* Data.png */ = {isa = PBXFileReference; lastKnownFileType = image.png; path = Data.png; sourceTree = "<group>"; };
		92F196FA1BC3996A003401AC /* SendingIndicatorView.h */ = {isa = PBXFileReference; fileEncoding = 4; lastKnownFileType = sourcecode.c.h; path = SendingIndicatorView.h; sourceTree = "<group>"; };
		92F196FB1BC3996A003401AC /* SendingIndicatorView.m */ = {isa = PBXFileReference; fileEncoding = 4; lastKnownFileType = sourcecode.c.objc; path = SendingIndicatorView.m; sourceTree = "<group>"; };
		92F196FD1BC39B16003401AC /* OCRdisplayViewController.h */ = {isa = PBXFileReference; fileEncoding = 4; lastKnownFileType = sourcecode.c.h; path = OCRdisplayViewController.h; sourceTree = "<group>"; };
		92F196FE1BC39B16003401AC /* OCRdisplayViewController.m */ = {isa = PBXFileReference; fileEncoding = 4; lastKnownFileType = sourcecode.c.objc; path = OCRdisplayViewController.m; sourceTree = "<group>"; };
		92F197001BC3A83D003401AC /* Launch icon.png */ = {isa = PBXFileReference; lastKnownFileType = image.png; path = "Launch icon.png"; sourceTree = "<group>"; };
		92FD720C1B3294BD00A3015D /* iOCRreader.app */ = {isa = PBXFileReference; explicitFileType = wrapper.application; includeInIndex = 0; path = iOCRreader.app; sourceTree = BUILT_PRODUCTS_DIR; };
		92FD72101B3294BD00A3015D /* Info.plist */ = {isa = PBXFileReference; lastKnownFileType = text.plist.xml; path = Info.plist; sourceTree = "<group>"; };
		92FD72111B3294BD00A3015D /* main.m */ = {isa = PBXFileReference; lastKnownFileType = sourcecode.c.objc; path = main.m; sourceTree = "<group>"; };
		92FD72131B3294BD00A3015D /* AppDelegate.h */ = {isa = PBXFileReference; lastKnownFileType = sourcecode.c.h; path = AppDelegate.h; sourceTree = "<group>"; };
		92FD72141B3294BD00A3015D /* AppDelegate.m */ = {isa = PBXFileReference; lastKnownFileType = sourcecode.c.objc; path = AppDelegate.m; sourceTree = "<group>"; };
		92FD72161B3294BD00A3015D /* ViewController.h */ = {isa = PBXFileReference; lastKnownFileType = sourcecode.c.h; path = ViewController.h; sourceTree = "<group>"; };
		92FD72171B3294BD00A3015D /* ViewController.m */ = {isa = PBXFileReference; lastKnownFileType = sourcecode.c.objc; path = ViewController.m; sourceTree = "<group>"; };
		92FD721A1B3294BD00A3015D /* Base */ = {isa = PBXFileReference; lastKnownFileType = file.storyboard; name = Base; path = Base.lproj/Main.storyboard; sourceTree = "<group>"; };
		92FD721C1B3294BD00A3015D /* Images.xcassets */ = {isa = PBXFileReference; lastKnownFileType = folder.assetcatalog; path = Images.xcassets; sourceTree = "<group>"; };
		92FD721F1B3294BD00A3015D /* Base */ = {isa = PBXFileReference; lastKnownFileType = file.xib; name = Base; path = Base.lproj/LaunchScreen.xib; sourceTree = "<group>"; };
		92FD72351B32958900A3015D /* Connection.h */ = {isa = PBXFileReference; fileEncoding = 4; lastKnownFileType = sourcecode.c.h; path = Connection.h; sourceTree = "<group>"; };
		92FD72361B32958900A3015D /* Connection.m */ = {isa = PBXFileReference; fileEncoding = 4; lastKnownFileType = sourcecode.c.objc; path = Connection.m; sourceTree = "<group>"; };
/* End PBXFileReference section */

/* Begin PBXFrameworksBuildPhase section */
		92FD72091B3294BD00A3015D /* Frameworks */ = {
			isa = PBXFrameworksBuildPhase;
			buildActionMask = 2147483647;
			files = (
			);
			runOnlyForDeploymentPostprocessing = 0;
		};
/* End PBXFrameworksBuildPhase section */

/* Begin PBXGroup section */
		92FD72031B3294BD00A3015D = {
			isa = PBXGroup;
			children = (
				92FD720E1B3294BD00A3015D /* iOCRreader */,
				92FD720D1B3294BD00A3015D /* Products */,
			);
			sourceTree = "<group>";
		};
		92FD720D1B3294BD00A3015D /* Products */ = {
			isa = PBXGroup;
			children = (
				92FD720C1B3294BD00A3015D /* iOCRreader.app */,
			);
			name = Products;
			sourceTree = "<group>";
		};
		92FD720E1B3294BD00A3015D /* iOCRreader */ = {
			isa = PBXGroup;
			children = (
				92FD72131B3294BD00A3015D /* AppDelegate.h */,
				92FD72141B3294BD00A3015D /* AppDelegate.m */,
				92FD72351B32958900A3015D /* Connection.h */,
				92FD72361B32958900A3015D /* Connection.m */,
				92FD72161B3294BD00A3015D /* ViewController.h */,
				92FD72171B3294BD00A3015D /* ViewController.m */,
				92F196FA1BC3996A003401AC /* SendingIndicatorView.h */,
				92F196FB1BC3996A003401AC /* SendingIndicatorView.m */,
				92F196FD1BC39B16003401AC /* OCRdisplayViewController.h */,
				92F196FE1BC39B16003401AC /* OCRdisplayViewController.m */,
				92F197001BC3A83D003401AC /* Launch icon.png */,
				9210F5711B391DB8000C750C /* Data.png */,
				92FD72191B3294BD00A3015D /* Main.storyboard */,
				92FD721C1B3294BD00A3015D /* Images.xcassets */,
				92FD721E1B3294BD00A3015D /* LaunchScreen.xib */,
				92FD720F1B3294BD00A3015D /* Supporting Files */,
			);
			path = iOCRreader;
			sourceTree = "<group>";
		};
		92FD720F1B3294BD00A3015D /* Supporting Files */ = {
			isa = PBXGroup;
			children = (
				92FD72101B3294BD00A3015D /* Info.plist */,
				92FD72111B3294BD00A3015D /* main.m */,
			);
			name = "Supporting Files";
			sourceTree = "<group>";
		};
/* End PBXGroup section */

/* Begin PBXNativeTarget section */
		92FD720B1B3294BD00A3015D /* iOCRreader */ = {
			isa = PBXNativeTarget;
			buildConfigurationList = 92FD722F1B3294BD00A3015D /* Build configuration list for PBXNativeTarget "iOCRreader" */;
			buildPhases = (
				92FD72081B3294BD00A3015D /* Sources */,
				92FD72091B3294BD00A3015D /* Frameworks */,
				92FD720A1B3294BD00A3015D /* Resources */,
			);
			buildRules = (
			);
			dependencies = (
			);
			name = iOCRreader;
			productName = iOCRreader;
			productReference = 92FD720C1B3294BD00A3015D /* iOCRreader.app */;
			productType = "com.apple.product-type.application";
		};
/* End PBXNativeTarget section */

/* Begin PBXProject section */
		92FD72041B3294BD00A3015D /* Project object */ = {
			isa = PBXProject;
			attributes = {
				LastUpgradeCheck = 0630;
				ORGANIZATIONNAME = Org;
				TargetAttributes = {
					92FD720B1B3294BD00A3015D = {
						CreatedOnToolsVersion = 6.3.2;
					};
				};
			};
			buildConfigurationList = 92FD72071B3294BD00A3015D /* Build configuration list for PBXProject "iOCRreader" */;
			compatibilityVersion = "Xcode 3.2";
			developmentRegion = English;
			hasScannedForEncodings = 0;
			knownRegions = (
				en,
				Base,
			);
			mainGroup = 92FD72031B3294BD00A3015D;
			productRefGroup = 92FD720D1B3294BD00A3015D /* Products */;
			projectDirPath = "";
			projectRoot = "";
			targets = (
				92FD720B1B3294BD00A3015D /* iOCRreader */,
			);
		};
/* End PBXProject section */

/* Begin PBXResourcesBuildPhase section */
		92FD720A1B3294BD00A3015D /* Resources */ = {
			isa = PBXResourcesBuildPhase;
			buildActionMask = 2147483647;
			files = (
				92FD721B1B3294BD00A3015D /* Main.storyboard in Resources */,
				9210F5721B391DB8000C750C /* Data.png in Resources */,
				92FD72201B3294BD00A3015D /* LaunchScreen.xib in Resources */,
				92F197011BC3A83D003401AC /* Launch icon.png in Resources */,
				92FD721D1B3294BD00A3015D /* Images.xcassets in Resources */,
			);
			runOnlyForDeploymentPostprocessing = 0;
		};
/* End PBXResourcesBuildPhase section */

/* Begin PBXSourcesBuildPhase section */
		92FD72081B3294BD00A3015D /* Sources */ = {
			isa = PBXSourcesBuildPhase;
			buildActionMask = 2147483647;
			files = (
				92F196FC1BC3996A003401AC /* SendingIndicatorView.m in Sources */,
				92FD72181B3294BD00A3015D /* ViewController.m in Sources */,
				92FD72151B3294BD00A3015D /* AppDelegate.m in Sources */,
				92FD72121B3294BD00A3015D /* main.m in Sources */,
				92F196FF1BC39B16003401AC /* OCRdisplayViewController.m in Sources */,
				92FD72371B32958900A3015D /* Connection.m in Sources */,
			);
			runOnlyForDeploymentPostprocessing = 0;
		};
/* End PBXSourcesBuildPhase section */

/* Begin PBXVariantGroup section */
		92FD72191B3294BD00A3015D /* Main.storyboard */ = {
			isa = PBXVariantGroup;
			children = (
				92FD721A1B3294BD00A3015D /* Base */,
			);
			name = Main.storyboard;
			sourceTree = "<group>";
		};
		92FD721E1B3294BD00A3015D /* LaunchScreen.xib */ = {
			isa = PBXVariantGroup;
			children = (
				92FD721F1B3294BD00A3015D /* Base */,
			);
			name = LaunchScreen.xib;
			sourceTree = "<group>";
		};
/* End PBXVariantGroup section */

/* Begin XCBuildConfiguration section */
		92FD722D1B3294BD00A3015D /* Debug */ = {
			isa = XCBuildConfiguration;
			buildSettings = {
				ALWAYS_SEARCH_USER_PATHS = NO;
				CLANG_CXX_LANGUAGE_STANDARD = "gnu++0x";
				CLANG_CXX_LIBRARY = "libc++";
				CLANG_ENABLE_MODULES = YES;
				CLANG_ENABLE_OBJC_ARC = YES;
				CLANG_WARN_BOOL_CONVERSION = YES;
				CLANG_WARN_CONSTANT_CONVERSION = YES;
				CLANG_WARN_DIRECT_OBJC_ISA_USAGE = YES_ERROR;
				CLANG_WARN_EMPTY_BODY = YES;
				CLANG_WARN_ENUM_CONVERSION = YES;
				CLANG_WARN_INT_CONVERSION = YES;
				CLANG_WARN_OBJC_ROOT_CLASS = YES_ERROR;
				CLANG_WARN_UNREACHABLE_CODE = YES;
				CLANG_WARN__DUPLICATE_METHOD_MATCH = YES;
				"CODE_SIGN_IDENTITY[sdk=iphoneos*]" = "iPhone Developer";
				COPY_PHASE_STRIP = NO;
				DEBUG_INFORMATION_FORMAT = "dwarf-with-dsym";
				ENABLE_STRICT_OBJC_MSGSEND = YES;
				GCC_C_LANGUAGE_STANDARD = gnu99;
				GCC_DYNAMIC_NO_PIC = NO;
				GCC_NO_COMMON_BLOCKS = YES;
				GCC_OPTIMIZATION_LEVEL = 0;
				GCC_PREPROCESSOR_DEFINITIONS = (
					"DEBUG=1",
					"$(inherited)",
				);
				GCC_SYMBOLS_PRIVATE_EXTERN = NO;
				GCC_WARN_64_TO_32_BIT_CONVERSION = YES;
				GCC_WARN_ABOUT_RETURN_TYPE = YES_ERROR;
				GCC_WARN_UNDECLARED_SELECTOR = YES;
				GCC_WARN_UNINITIALIZED_AUTOS = YES_AGGRESSIVE;
				GCC_WARN_UNUSED_FUNCTION = YES;
				GCC_WARN_UNUSED_VARIABLE = YES;
				IPHONEOS_DEPLOYMENT_TARGET = 8.3;
				MTL_ENABLE_DEBUG_INFO = YES;
				ONLY_ACTIVE_ARCH = YES;
				SDKROOT = iphoneos;
				TARGETED_DEVICE_FAMILY = "1,2";
			};
			name = Debug;
		};
		92FD722E1B3294BD00A3015D /* Release */ = {
			isa = XCBuildConfiguration;
			buildSettings = {
				ALWAYS_SEARCH_USER_PATHS = NO;
				CLANG_CXX_LANGUAGE_STANDARD = "gnu++0x";
				CLANG_CXX_LIBRARY = "libc++";
				CLANG_ENABLE_MODULES = YES;
				CLANG_ENABLE_OBJC_ARC = YES;
				CLANG_WARN_BOOL_CONVERSION = YES;
				CLANG_WARN_CONSTANT_CONVERSION = YES;
				CLANG_WARN_DIRECT_OBJC_ISA_USAGE = YES_ERROR;
				CLANG_WARN_EMPTY_BODY = YES;
				CLANG_WARN_ENUM_CONVERSION = YES;
				CLANG_WARN_INT_CONVERSION = YES;
				CLANG_WARN_OBJC_ROOT_CLASS = YES_ERROR;
				CLANG_WARN_UNREACHABLE_CODE = YES;
				CLANG_WARN__DUPLICATE_METHOD_MATCH = YES;
				"CODE_SIGN_IDENTITY[sdk=iphoneos*]" = "iPhone Developer";
				COPY_PHASE_STRIP = NO;
				DEBUG_INFORMATION_FORMAT = "dwarf-with-dsym";
				ENABLE_NS_ASSERTIONS = NO;
				ENABLE_STRICT_OBJC_MSGSEND = YES;
				GCC_C_LANGUAGE_STANDARD = gnu99;
				GCC_NO_COMMON_BLOCKS = YES;
				GCC_WARN_64_TO_32_BIT_CONVERSION = YES;
				GCC_WARN_ABOUT_RETURN_TYPE = YES_ERROR;
				GCC_WARN_UNDECLARED_SELECTOR = YES;
				GCC_WARN_UNINITIALIZED_AUTOS = YES_AGGRESSIVE;
				GCC_WARN_UNUSED_FUNCTION = YES;
				GCC_WARN_UNUSED_VARIABLE = YES;
				IPHONEOS_DEPLOYMENT_TARGET = 8.3;
				MTL_ENABLE_DEBUG_INFO = NO;
				SDKROOT = iphoneos;
				TARGETED_DEVICE_FAMILY = "1,2";
				VALIDATE_PRODUCT = YES;
			};
			name = Release;
		};
		92FD72301B3294BD00A3015D /* Debug */ = {
			isa = XCBuildConfiguration;
			buildSettings = {
				ASSETCATALOG_COMPILER_APPICON_NAME = AppIcon;
				INFOPLIST_FILE = iOCRreader/Info.plist;
				LD_RUNPATH_SEARCH_PATHS = "$(inherited) @executable_path/Frameworks";
				PRODUCT_NAME = "$(TARGET_NAME)";
			};
			name = Debug;
		};
		92FD72311B3294BD00A3015D /* Release */ = {
			isa = XCBuildConfiguration;
			buildSettings = {
				ASSETCATALOG_COMPILER_APPICON_NAME = AppIcon;
				INFOPLIST_FILE = iOCRreader/Info.plist;
				LD_RUNPATH_SEARCH_PATHS = "$(inherited) @executable_path/Frameworks";
				PRODUCT_NAME = "$(TARGET_NAME)";
			};
			name = Release;
		};
/* End XCBuildConfiguration section */

/* Begin XCConfigurationList section */
		92FD72071B3294BD00A3015D /* Build configuration list for PBXProject "iOCRreader" */ = {
			isa = XCConfigurationList;
			buildConfigurations = (
				92FD722D1B3294BD00A3015D /* Debug */,
				92FD722E1B3294BD00A3015D /* Release */,
			);
			defaultConfigurationIsVisible = 0;
			defaultConfigurationName = Release;
		};
		92FD722F1B3294BD00A3015D /* Build configuration list for PBXNativeTarget "iOCRreader" */ = {
			isa = XCConfigurationList;
			buildConfigurations = (
				92FD72301B3294BD00A3015D /* Debug */,
				92FD72311B3294BD00A3015D /* Release */,
			);
			defaultConfigurationIsVisible = 0;
			defaultConfigurationName = Release;
		};
/* End XCConfigurationList section */
	};
	rootObject = 92FD72041B3294BD00A3015D /* Project object */;
}
